
Microsoft Visual Studio Solution File, Format Version 12.00
# Visual Studio 15
VisualStudioVersion = 15.0.26730.12
MinimumVisualStudioVersion = 10.0.40219.1
Project("{FAE04EC0-301F-11D3-BF4B-00C04F79EFBC}") = "LibraryProject", "LibraryProject\LibraryProject.csproj", "{9197C7FC-B2CD-49D9-A3BA-71BAA9C6C0CB}"
EndProject
Project("{9A19103F-16F7-4668-BE54-9A1E7A4F7556}") = "DAL", "DAL\DAL.csproj", "{3D44986E-D081-4B5C-988C-F9DB8544401D}"
EndProject
Project("{FAE04EC0-301F-11D3-BF4B-00C04F79EFBC}") = "Entities", "Entities\Entities.csproj", "{7ECC4A11-4A15-4016-9D1D-46D2FF813180}"
EndProject
Project("{FAE04EC0-301F-11D3-BF4B-00C04F79EFBC}") = "BLL", "BLL\BLL.csproj", "{20BC71D4-CF65-4C53-95B8-B3F10221550F}"
EndProject
Global
	GlobalSection(SolutionConfigurationPlatforms) = preSolution
		Debug|Any CPU = Debug|Any CPU
		Release|Any CPU = Release|Any CPU
	EndGlobalSection
	GlobalSection(ProjectConfigurationPlatforms) = postSolution
		{9197C7FC-B2CD-49D9-A3BA-71BAA9C6C0CB}.Debug|Any CPU.ActiveCfg = Debug|Any CPU
		{9197C7FC-B2CD-49D9-A3BA-71BAA9C6C0CB}.Debug|Any CPU.Build.0 = Debug|Any CPU
		{9197C7FC-B2CD-49D9-A3BA-71BAA9C6C0CB}.Release|Any CPU.ActiveCfg = Release|Any CPU
		{9197C7FC-B2CD-49D9-A3BA-71BAA9C6C0CB}.Release|Any CPU.Build.0 = Release|Any CPU
		{3D44986E-D081-4B5C-988C-F9DB8544401D}.Debug|Any CPU.ActiveCfg = Debug|Any CPU
		{3D44986E-D081-4B5C-988C-F9DB8544401D}.Debug|Any CPU.Build.0 = Debug|Any CPU
		{3D44986E-D081-4B5C-988C-F9DB8544401D}.Release|Any CPU.ActiveCfg = Release|Any CPU
		{3D44986E-D081-4B5C-988C-F9DB8544401D}.Release|Any CPU.Build.0 = Release|Any CPU
		{7ECC4A11-4A15-4016-9D1D-46D2FF813180}.Debug|Any CPU.ActiveCfg = Debug|Any CPU
		{7ECC4A11-4A15-4016-9D1D-46D2FF813180}.Debug|Any CPU.Build.0 = Debug|Any CPU
		{7ECC4A11-4A15-4016-9D1D-46D2FF813180}.Release|Any CPU.ActiveCfg = Release|Any CPU
		{7ECC4A11-4A15-4016-9D1D-46D2FF813180}.Release|Any CPU.Build.0 = Release|Any CPU
		{20BC71D4-CF65-4C53-95B8-B3F10221550F}.Debug|Any CPU.ActiveCfg = Debug|Any CPU
		{20BC71D4-CF65-4C53-95B8-B3F10221550F}.Debug|Any CPU.Build.0 = Debug|Any CPU
		{20BC71D4-CF65-4C53-95B8-B3F10221550F}.Release|Any CPU.ActiveCfg = Release|Any CPU
		{20BC71D4-CF65-4C53-95B8-B3F10221550F}.Release|Any CPU.Build.0 = Release|Any CPU
	EndGlobalSection
	GlobalSection(SolutionProperties) = preSolution
		HideSolutionNode = FALSE
	EndGlobalSection
	GlobalSection(ExtensibilityGlobals) = postSolution
		SolutionGuid = {5A573FE7-BF2A-4C5B-BB5F-295DC7D214D2}
	EndGlobalSection
EndGlobal
